
Microsoft Visual Studio Solution File, Format Version 12.00
# Visual Studio Version 16
VisualStudioVersion = 16.0.31005.135
MinimumVisualStudioVersion = 10.0.40219.1
Project("{FAE04EC0-301F-11D3-BF4B-00C04F79EFBC}") = "DS3231TimeInjection", "DS3231TimeInjection\DS3231TimeInjection.csproj", "{EC1E0B66-90FE-4C6B-B4D8-D4B40F8606C6}"
EndProject
Global
	GlobalSection(SolutionConfigurationPlatforms) = preSolution
		Debug|Any CPU = Debug|Any CPU
		Release|Any CPU = Release|Any CPU
	EndGlobalSection
	GlobalSection(ProjectConfigurationPlatforms) = postSolution
		{EC1E0B66-90FE-4C6B-B4D8-D4B40F8606C6}.Debug|Any CPU.ActiveCfg = Debug|Any CPU
		{EC1E0B66-90FE-4C6B-B4D8-D4B40F8606C6}.Debug|Any CPU.Build.0 = Debug|Any CPU
		{EC1E0B66-90FE-4C6B-B4D8-D4B40F8606C6}.Release|Any CPU.ActiveCfg = Release|Any CPU
		{EC1E0B66-90FE-4C6B-B4D8-D4B40F8606C6}.Release|Any CPU.Build.0 = Release|Any CPU
	EndGlobalSection
	GlobalSection(SolutionProperties) = preSolution
		HideSolutionNode = FALSE
	EndGlobalSection
	GlobalSection(ExtensibilityGlobals) = postSolution
		SolutionGuid = {4732A789-11AB-43BA-A0FE-8B7397B63579}
	EndGlobalSection
EndGlobal
